
Microsoft Visual Studio Solution File, Format Version 12.00
# Visual Studio Version 16
VisualStudioVersion = 16.0.30225.117
MinimumVisualStudioVersion = 10.0.40219.1
Project("{FAE04EC0-301F-11D3-BF4B-00C04F79EFBC}") = "TimeTableManagment", "TimeTableManagment\TimeTableManagment.csproj", "{226B17DF-8BED-4D03-9370-A1B65107F72A}"
EndProject
Global
	GlobalSection(SolutionConfigurationPlatforms) = preSolution
		Debug|Any CPU = Debug|Any CPU
		Release|Any CPU = Release|Any CPU
	EndGlobalSection
	GlobalSection(ProjectConfigurationPlatforms) = postSolution
		{226B17DF-8BED-4D03-9370-A1B65107F72A}.Debug|Any CPU.ActiveCfg = Debug|Any CPU
		{226B17DF-8BED-4D03-9370-A1B65107F72A}.Debug|Any CPU.Build.0 = Debug|Any CPU
		{226B17DF-8BED-4D03-9370-A1B65107F72A}.Release|Any CPU.ActiveCfg = Release|Any CPU
		{226B17DF-8BED-4D03-9370-A1B65107F72A}.Release|Any CPU.Build.0 = Release|Any CPU
	EndGlobalSection
	GlobalSection(SolutionProperties) = preSolution
		HideSolutionNode = FALSE
	EndGlobalSection
	GlobalSection(ExtensibilityGlobals) = postSolution
		SolutionGuid = {8AADBF8F-1ECA-4229-BFF5-FE025E89232A}
	EndGlobalSection
EndGlobal
